
Microsoft Visual Studio Solution File, Format Version 12.00
# Visual Studio Version 17
VisualStudioVersion = 17.3.32825.248
MinimumVisualStudioVersion = 10.0.40219.1
Project("{FAE04EC0-301F-11D3-BF4B-00C04F79EFBC}") = "pryArmanini-NeptunoBD", "pryArmanini-NeptunoBD.csproj", "{C55EAA08-FE46-4F43-8D91-5946788147B4}"
EndProject
Global
	GlobalSection(SolutionConfigurationPlatforms) = preSolution
		Debug|Any CPU = Debug|Any CPU
		Release|Any CPU = Release|Any CPU
	EndGlobalSection
	GlobalSection(ProjectConfigurationPlatforms) = postSolution
		{C55EAA08-FE46-4F43-8D91-5946788147B4}.Debug|Any CPU.ActiveCfg = Debug|Any CPU
		{C55EAA08-FE46-4F43-8D91-5946788147B4}.Debug|Any CPU.Build.0 = Debug|Any CPU
		{C55EAA08-FE46-4F43-8D91-5946788147B4}.Release|Any CPU.ActiveCfg = Release|Any CPU
		{C55EAA08-FE46-4F43-8D91-5946788147B4}.Release|Any CPU.Build.0 = Release|Any CPU
	EndGlobalSection
	GlobalSection(SolutionProperties) = preSolution
		HideSolutionNode = FALSE
	EndGlobalSection
	GlobalSection(ExtensibilityGlobals) = postSolution
		SolutionGuid = {B4206DD9-FCDF-4469-95CA-DCABA09938D7}
	EndGlobalSection
EndGlobal
